// !$*UTF8*$!
{
	archiveVersion = 1;
	classes = {
	};
	objectVersion = 50;
	objects = {

/* Begin PBXBuildFile section */
		31196B36209D471600321A0E /* Assets.xcassets in Resources */ = {isa = PBXBuildFile; fileRef = 31196B35209D471600321A0E /* Assets.xcassets */; };
		31196B3D209D471700321A0E /* SpamDetector MessagesExtension.appex in Embed App Extensions */ = {isa = PBXBuildFile; fileRef = 31196B3C209D471700321A0E /* SpamDetector MessagesExtension.appex */; settings = {ATTRIBUTES = (RemoveHeadersOnCopy, ); }; };
		31196B42209D471700321A0E /* Messages.framework in Frameworks */ = {isa = PBXBuildFile; fileRef = 31196B41209D471700321A0E /* Messages.framework */; };
		31196B45209D471700321A0E /* MessagesViewController.swift in Sources */ = {isa = PBXBuildFile; fileRef = 31196B44209D471700321A0E /* MessagesViewController.swift */; };
		31196B48209D471700321A0E /* MainInterface.storyboard in Resources */ = {isa = PBXBuildFile; fileRef = 31196B46209D471700321A0E /* MainInterface.storyboard */; };
		31196B4A209D471700321A0E /* Assets.xcassets in Resources */ = {isa = PBXBuildFile; fileRef = 31196B49209D471700321A0E /* Assets.xcassets */; };
/* End PBXBuildFile section */

/* Begin PBXContainerItemProxy section */
		31196B3E209D471700321A0E /* PBXContainerItemProxy */ = {
			isa = PBXContainerItemProxy;
			containerPortal = 31196B2C209D471400321A0E /* Project object */;
			proxyType = 1;
			remoteGlobalIDString = 31196B3B209D471700321A0E;
			remoteInfo = "SpamDetector MessagesExtension";
		};
/* End PBXContainerItemProxy section */

/* Begin PBXCopyFilesBuildPhase section */
		31196B51209D471700321A0E /* Embed App Extensions */ = {
			isa = PBXCopyFilesBuildPhase;
			buildActionMask = 2147483647;
			dstPath = "";
			dstSubfolderSpec = 13;
			files = (
				31196B3D209D471700321A0E /* SpamDetector MessagesExtension.appex in Embed App Extensions */,
			);
			name = "Embed App Extensions";
			runOnlyForDeploymentPostprocessing = 0;
		};
/* End PBXCopyFilesBuildPhase section */

/* Begin PBXFileReference section */
		31196B32209D471400321A0E /* SpamDetector.app */ = {isa = PBXFileReference; explicitFileType = wrapper.application; includeInIndex = 0; path = SpamDetector.app; sourceTree = BUILT_PRODUCTS_DIR; };
		31196B35209D471600321A0E /* Assets.xcassets */ = {isa = PBXFileReference; lastKnownFileType = folder.assetcatalog; path = Assets.xcassets; sourceTree = "<group>"; };
		31196B37209D471600321A0E /* Info.plist */ = {isa = PBXFileReference; lastKnownFileType = text.plist.xml; path = Info.plist; sourceTree = "<group>"; };
		31196B3C209D471700321A0E /* SpamDetector MessagesExtension.appex */ = {isa = PBXFileReference; explicitFileType = "wrapper.app-extension"; includeInIndex = 0; path = "SpamDetector MessagesExtension.appex"; sourceTree = BUILT_PRODUCTS_DIR; };
		31196B41209D471700321A0E /* Messages.framework */ = {isa = PBXFileReference; lastKnownFileType = wrapper.framework; name = Messages.framework; path = System/Library/Frameworks/Messages.framework; sourceTree = SDKROOT; };
		31196B44209D471700321A0E /* MessagesViewController.swift */ = {isa = PBXFileReference; lastKnownFileType = sourcecode.swift; path = MessagesViewController.swift; sourceTree = "<group>"; };
		31196B47209D471700321A0E /* Base */ = {isa = PBXFileReference; lastKnownFileType = file.storyboard; name = Base; path = Base.lproj/MainInterface.storyboard; sourceTree = "<group>"; };
		31196B49209D471700321A0E /* Assets.xcassets */ = {isa = PBXFileReference; lastKnownFileType = folder.assetcatalog; path = Assets.xcassets; sourceTree = "<group>"; };
		31196B4B209D471700321A0E /* Info.plist */ = {isa = PBXFileReference; lastKnownFileType = text.plist.xml; path = Info.plist; sourceTree = "<group>"; };
/* End PBXFileReference section */

/* Begin PBXFrameworksBuildPhase section */
		31196B39209D471700321A0E /* Frameworks */ = {
			isa = PBXFrameworksBuildPhase;
			buildActionMask = 2147483647;
			files = (
				31196B42209D471700321A0E /* Messages.framework in Frameworks */,
			);
			runOnlyForDeploymentPostprocessing = 0;
		};
/* End PBXFrameworksBuildPhase section */

/* Begin PBXGroup section */
		31196B2B209D471400321A0E = {
			isa = PBXGroup;
			children = (
				31196B34209D471400321A0E /* SpamDetector */,
				31196B43209D471700321A0E /* SpamDetector MessagesExtension */,
				31196B40209D471700321A0E /* Frameworks */,
				31196B33209D471400321A0E /* Products */,
			);
			sourceTree = "<group>";
		};
		31196B33209D471400321A0E /* Products */ = {
			isa = PBXGroup;
			children = (
				31196B32209D471400321A0E /* SpamDetector.app */,
				31196B3C209D471700321A0E /* SpamDetector MessagesExtension.appex */,
			);
			name = Products;
			sourceTree = "<group>";
		};
		31196B34209D471400321A0E /* SpamDetector */ = {
			isa = PBXGroup;
			children = (
				31196B35209D471600321A0E /* Assets.xcassets */,
				31196B37209D471600321A0E /* Info.plist */,
			);
			path = SpamDetector;
			sourceTree = "<group>";
		};
		31196B40209D471700321A0E /* Frameworks */ = {
			isa = PBXGroup;
			children = (
				31196B41209D471700321A0E /* Messages.framework */,
			);
			name = Frameworks;
			sourceTree = "<group>";
		};
		31196B43209D471700321A0E /* SpamDetector MessagesExtension */ = {
			isa = PBXGroup;
			children = (
				31196B44209D471700321A0E /* MessagesViewController.swift */,
				31196B46209D471700321A0E /* MainInterface.storyboard */,
				31196B49209D471700321A0E /* Assets.xcassets */,
				31196B4B209D471700321A0E /* Info.plist */,
			);
			path = "SpamDetector MessagesExtension";
			sourceTree = "<group>";
		};
/* End PBXGroup section */

/* Begin PBXNativeTarget section */
		31196B31209D471400321A0E /* SpamDetector */ = {
			isa = PBXNativeTarget;
			buildConfigurationList = 31196B52209D471700321A0E /* Build configuration list for PBXNativeTarget "SpamDetector" */;
			buildPhases = (
				31196B30209D471400321A0E /* Resources */,
				31196B51209D471700321A0E /* Embed App Extensions */,
			);
			buildRules = (
			);
			dependencies = (
				31196B3F209D471700321A0E /* PBXTargetDependency */,
			);
			name = SpamDetector;
			productName = SpamDetector;
			productReference = 31196B32209D471400321A0E /* SpamDetector.app */;
			productType = "com.apple.product-type.application.messages";
		};
		31196B3B209D471700321A0E /* SpamDetector MessagesExtension */ = {
			isa = PBXNativeTarget;
			buildConfigurationList = 31196B4E209D471700321A0E /* Build configuration list for PBXNativeTarget "SpamDetector MessagesExtension" */;
			buildPhases = (
				31196B38209D471700321A0E /* Sources */,
				31196B39209D471700321A0E /* Frameworks */,
				31196B3A209D471700321A0E /* Resources */,
			);
			buildRules = (
			);
			dependencies = (
			);
			name = "SpamDetector MessagesExtension";
			productName = "SpamDetector MessagesExtension";
			productReference = 31196B3C209D471700321A0E /* SpamDetector MessagesExtension.appex */;
			productType = "com.apple.product-type.app-extension.messages";
		};
/* End PBXNativeTarget section */

/* Begin PBXProject section */
		31196B2C209D471400321A0E /* Project object */ = {
			isa = PBXProject;
			attributes = {
				LastSwiftUpdateCheck = 0930;
				LastUpgradeCheck = 0930;
				ORGANIZATIONNAME = "Nikhil Raghavendra";
				TargetAttributes = {
					31196B31209D471400321A0E = {
						CreatedOnToolsVersion = 9.3;
					};
					31196B3B209D471700321A0E = {
						CreatedOnToolsVersion = 9.3;
					};
				};
			};
			buildConfigurationList = 31196B2F209D471400321A0E /* Build configuration list for PBXProject "SpamDetector" */;
			compatibilityVersion = "Xcode 9.3";
			developmentRegion = en;
			hasScannedForEncodings = 0;
			knownRegions = (
				en,
				Base,
			);
			mainGroup = 31196B2B209D471400321A0E;
			productRefGroup = 31196B33209D471400321A0E /* Products */;
			projectDirPath = "";
			projectRoot = "";
			targets = (
				31196B31209D471400321A0E /* SpamDetector */,
				31196B3B209D471700321A0E /* SpamDetector MessagesExtension */,
			);
		};
/* End PBXProject section */

/* Begin PBXResourcesBuildPhase section */
		31196B30209D471400321A0E /* Resources */ = {
			isa = PBXResourcesBuildPhase;
			buildActionMask = 2147483647;
			files = (
				31196B36209D471600321A0E /* Assets.xcassets in Resources */,
			);
			runOnlyForDeploymentPostprocessing = 0;
		};
		31196B3A209D471700321A0E /* Resources */ = {
			isa = PBXResourcesBuildPhase;
			buildActionMask = 2147483647;
			files = (
				31196B4A209D471700321A0E /* Assets.xcassets in Resources */,
				31196B48209D471700321A0E /* MainInterface.storyboard in Resources */,
			);
			runOnlyForDeploymentPostprocessing = 0;
		};
/* End PBXResourcesBuildPhase section */

/* Begin PBXSourcesBuildPhase section */
		31196B38209D471700321A0E /* Sources */ = {
			isa = PBXSourcesBuildPhase;
			buildActionMask = 2147483647;
			files = (
				31196B45209D471700321A0E /* MessagesViewController.swift in Sources */,
			);
			runOnlyForDeploymentPostprocessing = 0;
		};
/* End PBXSourcesBuildPhase section */

/* Begin PBXTargetDependency section */
		31196B3F209D471700321A0E /* PBXTargetDependency */ = {
			isa = PBXTargetDependency;
			target = 31196B3B209D471700321A0E /* SpamDetector MessagesExtension */;
			targetProxy = 31196B3E209D471700321A0E /* PBXContainerItemProxy */;
		};
/* End PBXTargetDependency section */

/* Begin PBXVariantGroup section */
		31196B46209D471700321A0E /* MainInterface.storyboard */ = {
			isa = PBXVariantGroup;
			children = (
				31196B47209D471700321A0E /* Base */,
			);
			name = MainInterface.storyboard;
			sourceTree = "<group>";
		};
/* End PBXVariantGroup section */

/* Begin XCBuildConfiguration section */
		31196B4C209D471700321A0E /* Debug */ = {
			isa = XCBuildConfiguration;
			buildSettings = {
				ALWAYS_SEARCH_USER_PATHS = NO;
				CLANG_ANALYZER_NONNULL = YES;
				CLANG_ANALYZER_NUMBER_OBJECT_CONVERSION = YES_AGGRESSIVE;
				CLANG_CXX_LANGUAGE_STANDARD = "gnu++14";
				CLANG_CXX_LIBRARY = "libc++";
				CLANG_ENABLE_MODULES = YES;
				CLANG_ENABLE_OBJC_ARC = YES;
				CLANG_ENABLE_OBJC_WEAK = YES;
				CLANG_WARN_BLOCK_CAPTURE_AUTORELEASING = YES;
				CLANG_WARN_BOOL_CONVERSION = YES;
				CLANG_WARN_COMMA = YES;
				CLANG_WARN_CONSTANT_CONVERSION = YES;
				CLANG_WARN_DEPRECATED_OBJC_IMPLEMENTATIONS = YES;
				CLANG_WARN_DIRECT_OBJC_ISA_USAGE = YES_ERROR;
				CLANG_WARN_DOCUMENTATION_COMMENTS = YES;
				CLANG_WARN_EMPTY_BODY = YES;
				CLANG_WARN_ENUM_CONVERSION = YES;
				CLANG_WARN_INFINITE_RECURSION = YES;
				CLANG_WARN_INT_CONVERSION = YES;
				CLANG_WARN_NON_LITERAL_NULL_CONVERSION = YES;
				CLANG_WARN_OBJC_IMPLICIT_RETAIN_SELF = YES;
				CLANG_WARN_OBJC_LITERAL_CONVERSION = YES;
				CLANG_WARN_OBJC_ROOT_CLASS = YES_ERROR;
				CLANG_WARN_RANGE_LOOP_ANALYSIS = YES;
				CLANG_WARN_STRICT_PROTOTYPES = YES;
				CLANG_WARN_SUSPICIOUS_MOVE = YES;
				CLANG_WARN_UNGUARDED_AVAILABILITY = YES_AGGRESSIVE;
				CLANG_WARN_UNREACHABLE_CODE = YES;
				CLANG_WARN__DUPLICATE_METHOD_MATCH = YES;
				CODE_SIGN_IDENTITY = "iPhone Developer";
				COPY_PHASE_STRIP = NO;
				DEBUG_INFORMATION_FORMAT = dwarf;
				ENABLE_STRICT_OBJC_MSGSEND = YES;
				ENABLE_TESTABILITY = YES;
				GCC_C_LANGUAGE_STANDARD = gnu11;
				GCC_DYNAMIC_NO_PIC = NO;
				GCC_NO_COMMON_BLOCKS = YES;
				GCC_OPTIMIZATION_LEVEL = 0;
				GCC_PREPROCESSOR_DEFINITIONS = (
					"DEBUG=1",
					"$(inherited)",
				);
				GCC_WARN_64_TO_32_BIT_CONVERSION = YES;
				GCC_WARN_ABOUT_RETURN_TYPE = YES_ERROR;
				GCC_WARN_UNDECLARED_SELECTOR = YES;
				GCC_WARN_UNINITIALIZED_AUTOS = YES_AGGRESSIVE;
				GCC_WARN_UNUSED_FUNCTION = YES;
				GCC_WARN_UNUSED_VARIABLE = YES;
				IPHONEOS_DEPLOYMENT_TARGET = 11.3;
				MTL_ENABLE_DEBUG_INFO = YES;
				ONLY_ACTIVE_ARCH = YES;
				SDKROOT = iphoneos;
				SWIFT_ACTIVE_COMPILATION_CONDITIONS = DEBUG;
				SWIFT_OPTIMIZATION_LEVEL = "-Onone";
			};
			name = Debug;
		};
		31196B4D209D471700321A0E /* Release */ = {
			isa = XCBuildConfiguration;
			buildSettings = {
				ALWAYS_SEARCH_USER_PATHS = NO;
				CLANG_ANALYZER_NONNULL = YES;
				CLANG_ANALYZER_NUMBER_OBJECT_CONVERSION = YES_AGGRESSIVE;
				CLANG_CXX_LANGUAGE_STANDARD = "gnu++14";
				CLANG_CXX_LIBRARY = "libc++";
				CLANG_ENABLE_MODULES = YES;
				CLANG_ENABLE_OBJC_ARC = YES;
				CLANG_ENABLE_OBJC_WEAK = YES;
				CLANG_WARN_BLOCK_CAPTURE_AUTORELEASING = YES;
				CLANG_WARN_BOOL_CONVERSION = YES;
				CLANG_WARN_COMMA = YES;
				CLANG_WARN_CONSTANT_CONVERSION = YES;
				CLANG_WARN_DEPRECATED_OBJC_IMPLEMENTATIONS = YES;
				CLANG_WARN_DIRECT_OBJC_ISA_USAGE = YES_ERROR;
				CLANG_WARN_DOCUMENTATION_COMMENTS = YES;
				CLANG_WARN_EMPTY_BODY = YES;
				CLANG_WARN_ENUM_CONVERSION = YES;
				CLANG_WARN_INFINITE_RECURSION = YES;
				CLANG_WARN_INT_CONVERSION = YES;
				CLANG_WARN_NON_LITERAL_NULL_CONVERSION = YES;
				CLANG_WARN_OBJC_IMPLICIT_RETAIN_SELF = YES;
				CLANG_WARN_OBJC_LITERAL_CONVERSION = YES;
				CLANG_WARN_OBJC_ROOT_CLASS = YES_ERROR;
				CLANG_WARN_RANGE_LOOP_ANALYSIS = YES;
				CLANG_WARN_STRICT_PROTOTYPES = YES;
				CLANG_WARN_SUSPICIOUS_MOVE = YES;
				CLANG_WARN_UNGUARDED_AVAILABILITY = YES_AGGRESSIVE;
				CLANG_WARN_UNREACHABLE_CODE = YES;
				CLANG_WARN__DUPLICATE_METHOD_MATCH = YES;
				CODE_SIGN_IDENTITY = "iPhone Developer";
				COPY_PHASE_STRIP = NO;
				DEBUG_INFORMATION_FORMAT = "dwarf-with-dsym";
				ENABLE_NS_ASSERTIONS = NO;
				ENABLE_STRICT_OBJC_MSGSEND = YES;
				GCC_C_LANGUAGE_STANDARD = gnu11;
				GCC_NO_COMMON_BLOCKS = YES;
				GCC_WARN_64_TO_32_BIT_CONVERSION = YES;
				GCC_WARN_ABOUT_RETURN_TYPE = YES_ERROR;
				GCC_WARN_UNDECLARED_SELECTOR = YES;
				GCC_WARN_UNINITIALIZED_AUTOS = YES_AGGRESSIVE;
				GCC_WARN_UNUSED_FUNCTION = YES;
				GCC_WARN_UNUSED_VARIABLE = YES;
				IPHONEOS_DEPLOYMENT_TARGET = 11.3;
				MTL_ENABLE_DEBUG_INFO = NO;
				SDKROOT = iphoneos;
				SWIFT_COMPILATION_MODE = wholemodule;
				SWIFT_OPTIMIZATION_LEVEL = "-O";
				VALIDATE_PRODUCT = YES;
			};
			name = Release;
		};
		31196B4F209D471700321A0E /* Debug */ = {
			isa = XCBuildConfiguration;
			buildSettings = {
				ASSETCATALOG_COMPILER_APPICON_NAME = "iMessage App Icon";
				CODE_SIGN_STYLE = Automatic;
				INFOPLIST_FILE = "SpamDetector MessagesExtension/Info.plist";
				LD_RUNPATH_SEARCH_PATHS = (
					"$(inherited)",
					"@executable_path/Frameworks",
					"@executable_path/../../Frameworks",
				);
				PRODUCT_BUNDLE_IDENTIFIER = com.example.SpamDetector.MessagesExtension;
				PRODUCT_NAME = "$(TARGET_NAME)";
				SKIP_INSTALL = YES;
				SWIFT_VERSION = 4.0;
				TARGETED_DEVICE_FAMILY = "1,2";
			};
			name = Debug;
		};
		31196B50209D471700321A0E /* Release */ = {
			isa = XCBuildConfiguration;
			buildSettings = {
				ASSETCATALOG_COMPILER_APPICON_NAME = "iMessage App Icon";
				CODE_SIGN_STYLE = Automatic;
				INFOPLIST_FILE = "SpamDetector MessagesExtension/Info.plist";
				LD_RUNPATH_SEARCH_PATHS = (
					"$(inherited)",
					"@executable_path/Frameworks",
					"@executable_path/../../Frameworks",
				);
				PRODUCT_BUNDLE_IDENTIFIER = com.example.SpamDetector.MessagesExtension;
				PRODUCT_NAME = "$(TARGET_NAME)";
				SKIP_INSTALL = YES;
				SWIFT_VERSION = 4.0;
				TARGETED_DEVICE_FAMILY = "1,2";
			};
			name = Release;
		};
		31196B53209D471700321A0E /* Debug */ = {
			isa = XCBuildConfiguration;
			buildSettings = {
				ALWAYS_EMBED_SWIFT_STANDARD_LIBRARIES = YES;
				ASSETCATALOG_COMPILER_APPICON_NAME = AppIcon;
				CODE_SIGN_STYLE = Automatic;
				INFOPLIST_FILE = SpamDetector/Info.plist;
				PRODUCT_BUNDLE_IDENTIFIER = com.example.SpamDetector;
				PRODUCT_NAME = "$(TARGET_NAME)";
				SWIFT_VERSION = 4.0;
				TARGETED_DEVICE_FAMILY = "1,2";
			};
			name = Debug;
		};
		31196B54209D471700321A0E /* Release */ = {
			isa = XCBuildConfiguration;
			buildSettings = {
				ALWAYS_EMBED_SWIFT_STANDARD_LIBRARIES = YES;
				ASSETCATALOG_COMPILER_APPICON_NAME = AppIcon;
				CODE_SIGN_STYLE = Automatic;
				INFOPLIST_FILE = SpamDetector/Info.plist;
				PRODUCT_BUNDLE_IDENTIFIER = com.example.SpamDetector;
				PRODUCT_NAME = "$(TARGET_NAME)";
				SWIFT_VERSION = 4.0;
				TARGETED_DEVICE_FAMILY = "1,2";
			};
			name = Release;
		};
/* End XCBuildConfiguration section */

/* Begin XCConfigurationList section */
		31196B2F209D471400321A0E /* Build configuration list for PBXProject "SpamDetector" */ = {
			isa = XCConfigurationList;
			buildConfigurations = (
				31196B4C209D471700321A0E /* Debug */,
				31196B4D209D471700321A0E /* Release */,
			);
			defaultConfigurationIsVisible = 0;
			defaultConfigurationName = Release;
		};
		31196B4E209D471700321A0E /* Build configuration list for PBXNativeTarget "SpamDetector MessagesExtension" */ = {
			isa = XCConfigurationList;
			buildConfigurations = (
				31196B4F209D471700321A0E /* Debug */,
				31196B50209D471700321A0E /* Release */,
			);
			defaultConfigurationIsVisible = 0;
			defaultConfigurationName = Release;
		};
		31196B52209D471700321A0E /* Build configuration list for PBXNativeTarget "SpamDetector" */ = {
			isa = XCConfigurationList;
			buildConfigurations = (
				31196B53209D471700321A0E /* Debug */,
				31196B54209D471700321A0E /* Release */,
			);
			defaultConfigurationIsVisible = 0;
			defaultConfigurationName = Release;
		};
/* End XCConfigurationList section */
	};
	rootObject = 31196B2C209D471400321A0E /* Project object */;
}
